
Microsoft Visual Studio Solution File, Format Version 12.00
# Visual Studio Version 17
VisualStudioVersion = 17.9.34728.123
MinimumVisualStudioVersion = 10.0.40219.1
Project("{9A19103F-16F7-4668-BE54-9A1E7A4F7556}") = "BusinessObjects", "BusinessObjects\BusinessObjects.csproj", "{D44B245F-194D-470F-9850-0DC5504F96F5}"
EndProject
Project("{9A19103F-16F7-4668-BE54-9A1E7A4F7556}") = "DataAccessLayer", "DataAccessLayer\DataAccessLayer.csproj", "{6FD8D3E8-1F2B-423F-84FD-176E82026BAD}"
EndProject
Project("{9A19103F-16F7-4668-BE54-9A1E7A4F7556}") = "Repositories", "Repositories\Repositories.csproj", "{989BE42D-12C0-45A0-ABE7-6DFB005EC3F5}"
EndProject
Project("{9A19103F-16F7-4668-BE54-9A1E7A4F7556}") = "Services", "Services\Services.csproj", "{562727D6-A1E7-4473-9799-A659B526CED0}"
EndProject
Project("{9A19103F-16F7-4668-BE54-9A1E7A4F7556}") = "Group4_WPF", "Group4_WPF\Group4_WPF.csproj", "{9AA55C64-FEDF-445A-9253-EB445B3B16FD}"
EndProject
Global
	GlobalSection(SolutionConfigurationPlatforms) = preSolution
		Debug|Any CPU = Debug|Any CPU
		Release|Any CPU = Release|Any CPU
	EndGlobalSection
	GlobalSection(ProjectConfigurationPlatforms) = postSolution
		{D44B245F-194D-470F-9850-0DC5504F96F5}.Debug|Any CPU.ActiveCfg = Debug|Any CPU
		{D44B245F-194D-470F-9850-0DC5504F96F5}.Debug|Any CPU.Build.0 = Debug|Any CPU
		{D44B245F-194D-470F-9850-0DC5504F96F5}.Release|Any CPU.ActiveCfg = Release|Any CPU
		{D44B245F-194D-470F-9850-0DC5504F96F5}.Release|Any CPU.Build.0 = Release|Any CPU
		{6FD8D3E8-1F2B-423F-84FD-176E82026BAD}.Debug|Any CPU.ActiveCfg = Debug|Any CPU
		{6FD8D3E8-1F2B-423F-84FD-176E82026BAD}.Debug|Any CPU.Build.0 = Debug|Any CPU
		{6FD8D3E8-1F2B-423F-84FD-176E82026BAD}.Release|Any CPU.ActiveCfg = Release|Any CPU
		{6FD8D3E8-1F2B-423F-84FD-176E82026BAD}.Release|Any CPU.Build.0 = Release|Any CPU
		{989BE42D-12C0-45A0-ABE7-6DFB005EC3F5}.Debug|Any CPU.ActiveCfg = Debug|Any CPU
		{989BE42D-12C0-45A0-ABE7-6DFB005EC3F5}.Debug|Any CPU.Build.0 = Debug|Any CPU
		{989BE42D-12C0-45A0-ABE7-6DFB005EC3F5}.Release|Any CPU.ActiveCfg = Release|Any CPU
		{989BE42D-12C0-45A0-ABE7-6DFB005EC3F5}.Release|Any CPU.Build.0 = Release|Any CPU
		{562727D6-A1E7-4473-9799-A659B526CED0}.Debug|Any CPU.ActiveCfg = Debug|Any CPU
		{562727D6-A1E7-4473-9799-A659B526CED0}.Debug|Any CPU.Build.0 = Debug|Any CPU
		{562727D6-A1E7-4473-9799-A659B526CED0}.Release|Any CPU.ActiveCfg = Release|Any CPU
		{562727D6-A1E7-4473-9799-A659B526CED0}.Release|Any CPU.Build.0 = Release|Any CPU
		{9AA55C64-FEDF-445A-9253-EB445B3B16FD}.Debug|Any CPU.ActiveCfg = Debug|Any CPU
		{9AA55C64-FEDF-445A-9253-EB445B3B16FD}.Debug|Any CPU.Build.0 = Debug|Any CPU
		{9AA55C64-FEDF-445A-9253-EB445B3B16FD}.Release|Any CPU.ActiveCfg = Release|Any CPU
		{9AA55C64-FEDF-445A-9253-EB445B3B16FD}.Release|Any CPU.Build.0 = Release|Any CPU
	EndGlobalSection
	GlobalSection(SolutionProperties) = preSolution
		HideSolutionNode = FALSE
	EndGlobalSection
	GlobalSection(ExtensibilityGlobals) = postSolution
		SolutionGuid = {11E78CAC-EEE7-4E72-A919-30DCE79C71F2}
	EndGlobalSection
EndGlobal
